<?xml version="1.0" encoding="UTF-8" standalone="yes" ?>
<CodeBlocks_project_file>
	<FileVersion major="1" minor="6" />
	<Project>
		<Option title="mplayer_service_project" />
		<Option pch_mode="2" />
		<Option compiler="gcc" />
		<Build>
			<Target title="Debug">
				<Option output="bin/Debug/mplayer_service_project" prefix_auto="1" extension_auto="1" />
				<Option object_output="obj/Debug/" />
				<Option type="1" />
				<Option compiler="gcc" />
				<Compiler>
					<Add option="-g" />
					<Add directory="../" />
				</Compiler>
				<Linker>
					<Add library="pthread" />
				</Linker>
			</Target>
			<Target title="Release">
				<Option output="bin/Release/mplayer_service_project" prefix_auto="1" extension_auto="1" />
				<Option object_output="obj/Release/" />
				<Option type="1" />
				<Option compiler="gcc" />
				<Compiler>
					<Add option="-O2" />
				</Compiler>
				<Linker>
					<Add option="-s" />
				</Linker>
			</Target>
		</Build>
		<Compiler>
			<Add option="-Wall" />
			<Add option="-fexceptions" />
		</Compiler>
		<Unit filename="../djap_utils/include/Exception.hpp" />
		<Unit filename="../djap_utils/include/condition.hpp" />
		<Unit filename="../djap_utils/include/mutex.hpp" />
		<Unit filename="../djap_utils/include/mutex_guard.hpp" />
		<Unit filename="../djap_utils/include/shared_pointer.hpp" />
		<Unit filename="../djap_utils/include/shared_pointer_base.hpp" />
		<Unit filename="../djap_utils/include/thread.hpp" />
		<Unit filename="../djap_utils/include/weak_pointer.hpp" />
		<Unit filename="../djap_utils/src/Exception.cpp" />
		<Unit filename="../djap_utils/src/condition.cpp" />
		<Unit filename="../djap_utils/src/mutex.cpp" />
		<Unit filename="../djap_utils/src/mutex_guard.cpp" />
		<Unit filename="../djap_utils/src/shared_pointer_base.cpp" />
		<Unit filename="../djap_utils/src/thread.cpp" />
		<Unit filename="../mplayer_service/src/main.cpp" />
		<Extensions>
			<code_completion>
				<search_path add="../" />
			</code_completion>
			<debugger />
		</Extensions>
	</Project>
</CodeBlocks_project_file>
